// !$*UTF8*$!
{
	archiveVersion = 1;
	classes = {
	};
	objectVersion = 56;
	objects = {

/* Begin PBXBuildFile section */
		000509E82A8D7C94008AA0EB /* ServerStatusLabel.swift in Sources */ = {isa = PBXBuildFile; fileRef = 000509E72A8D7C94008AA0EB /* ServerStatusLabel.swift */; };
		000509EA2A8D7E7A008AA0EB /* ScreenPosition.swift in Sources */ = {isa = PBXBuildFile; fileRef = 000509E92A8D7E7A008AA0EB /* ScreenPosition.swift */; };
		000509EC2A8D7F10008AA0EB /* StatusLabel.swift in Sources */ = {isa = PBXBuildFile; fileRef = 000509EB2A8D7F10008AA0EB /* StatusLabel.swift */; };
		000509EF2A8D83A7008AA0EB /* ServerMessages.swift in Sources */ = {isa = PBXBuildFile; fileRef = 000509EE2A8D83A7008AA0EB /* ServerMessages.swift */; };
		000509F12A8D8A72008AA0EB /* PlayerSurrenderDTO.swift in Sources */ = {isa = PBXBuildFile; fileRef = 000509F02A8D8A72008AA0EB /* PlayerSurrenderDTO.swift */; };
		000509F32A8D8BAE008AA0EB /* GameEndDTO.swift in Sources */ = {isa = PBXBuildFile; fileRef = 000509F22A8D8BAE008AA0EB /* GameEndDTO.swift */; };
		000509F52A8E79AF008AA0EB /* ChatParameters.swift in Sources */ = {isa = PBXBuildFile; fileRef = 000509F42A8E79AF008AA0EB /* ChatParameters.swift */; };
		000509FA2A8E800C008AA0EB /* MessageType.swift in Sources */ = {isa = PBXBuildFile; fileRef = 000509F92A8E800C008AA0EB /* MessageType.swift */; };
		000509FD2A8E816C008AA0EB /* DTOProtocol.swift in Sources */ = {isa = PBXBuildFile; fileRef = 000509FC2A8E816C008AA0EB /* DTOProtocol.swift */; };
		000509FF2A8E8522008AA0EB /* ChatMessageDTO.swift in Sources */ = {isa = PBXBuildFile; fileRef = 000509FE2A8E8522008AA0EB /* ChatMessageDTO.swift */; };
		00050A012A8E8C75008AA0EB /* ChatSheet.swift in Sources */ = {isa = PBXBuildFile; fileRef = 00050A002A8E8C75008AA0EB /* ChatSheet.swift */; };
		00050A032A8E91F8008AA0EB /* ChatMessageBaloon.swift in Sources */ = {isa = PBXBuildFile; fileRef = 00050A022A8E91F8008AA0EB /* ChatMessageBaloon.swift */; };
		00050A092A9117D7008AA0EB /* TicTacToeSessionTests.swift in Sources */ = {isa = PBXBuildFile; fileRef = 00050A082A9117D7008AA0EB /* TicTacToeSessionTests.swift */; };
		0019A59E2A8932EE008A2930 /* GameViewAssembler.swift in Sources */ = {isa = PBXBuildFile; fileRef = 0019A59D2A8932EE008A2930 /* GameViewAssembler.swift */; };
		0019A5A32A8B0CD2008A2930 /* SessionViewModel.swift in Sources */ = {isa = PBXBuildFile; fileRef = 0019A5A22A8B0CD2008A2930 /* SessionViewModel.swift */; };
		0019A5AB2A8BF858008A2930 /* GameFlowParameters.swift in Sources */ = {isa = PBXBuildFile; fileRef = 0019A5AA2A8BF858008A2930 /* GameFlowParameters.swift */; };
		0019A5AD2A8BFF3F008A2930 /* ConnectedMessageDTO.swift in Sources */ = {isa = PBXBuildFile; fileRef = 0019A5AC2A8BFF3F008A2930 /* ConnectedMessageDTO.swift */; };
		0019A5B02A8C2AEA008A2930 /* ConfirmationAlert.swift in Sources */ = {isa = PBXBuildFile; fileRef = 0019A5AF2A8C2AEA008A2930 /* ConfirmationAlert.swift */; };
		0019A5B22A8C2E23008A2930 /* MessageSource.swift in Sources */ = {isa = PBXBuildFile; fileRef = 0019A5B12A8C2E23008A2930 /* MessageSource.swift */; };
		0019A5B42A8C2F78008A2930 /* PlayerMoveDTO.swift in Sources */ = {isa = PBXBuildFile; fileRef = 0019A5B32A8C2F78008A2930 /* PlayerMoveDTO.swift */; };
		0019A5B92A8C399D008A2930 /* ChangeShiftDTO.swift in Sources */ = {isa = PBXBuildFile; fileRef = 0019A5B82A8C399D008A2930 /* ChangeShiftDTO.swift */; };
		001B70B62A8161A800C16B23 /* TicTacToeClient.swift in Sources */ = {isa = PBXBuildFile; fileRef = 001B70B52A8161A800C16B23 /* TicTacToeClient.swift */; };
		001B70B92A8161B900C16B23 /* Client.swift in Sources */ = {isa = PBXBuildFile; fileRef = 001B70B82A8161B900C16B23 /* Client.swift */; };
		001B70BC2A81637700C16B23 /* TransferMessage.swift in Sources */ = {isa = PBXBuildFile; fileRef = 001B70BB2A81637700C16B23 /* TransferMessage.swift */; };
		001B70C12A81A7F300C16B23 /* StartView.swift in Sources */ = {isa = PBXBuildFile; fileRef = 001B70C02A81A7F300C16B23 /* StartView.swift */; };
		001B70C42A81A94100C16B23 /* LargeColoredButton.swift in Sources */ = {isa = PBXBuildFile; fileRef = 001B70C32A81A94100C16B23 /* LargeColoredButton.swift */; };
		001B70C72A81AC9000C16B23 /* StartViewAssembler.swift in Sources */ = {isa = PBXBuildFile; fileRef = 001B70C62A81AC9000C16B23 /* StartViewAssembler.swift */; };
		001B70CA2A81B02700C16B23 /* AlertError.swift in Sources */ = {isa = PBXBuildFile; fileRef = 001B70C92A81B02700C16B23 /* AlertError.swift */; };
		001B70CD2A81B25500C16B23 /* TicTacToeBoard.swift in Sources */ = {isa = PBXBuildFile; fileRef = 001B70CC2A81B25500C16B23 /* TicTacToeBoard.swift */; };
		001B70D02A81B7BF00C16B23 /* Board.swift in Sources */ = {isa = PBXBuildFile; fileRef = 001B70CF2A81B7BF00C16B23 /* Board.swift */; };
		001B70D22A81B93100C16B23 /* TilePosition.swift in Sources */ = {isa = PBXBuildFile; fileRef = 001B70D12A81B93100C16B23 /* TilePosition.swift */; };
		001B70D42A82A25000C16B23 /* Tile.swift in Sources */ = {isa = PBXBuildFile; fileRef = 001B70D32A82A25000C16B23 /* Tile.swift */; };
		001B70D62A82A46900C16B23 /* TileStyle.swift in Sources */ = {isa = PBXBuildFile; fileRef = 001B70D52A82A46900C16B23 /* TileStyle.swift */; };
		001B70D82A82A7C900C16B23 /* Session.swift in Sources */ = {isa = PBXBuildFile; fileRef = 001B70D72A82A7C900C16B23 /* Session.swift */; };
		001B70DA2A82A80400C16B23 /* TicTacToeSession.swift in Sources */ = {isa = PBXBuildFile; fileRef = 001B70D92A82A80400C16B23 /* TicTacToeSession.swift */; };
		001B70DE2A82A85100C16B23 /* Player.swift in Sources */ = {isa = PBXBuildFile; fileRef = 001B70DD2A82A85100C16B23 /* Player.swift */; };
		001B70E02A82CD1B00C16B23 /* JoinGameSheet.swift in Sources */ = {isa = PBXBuildFile; fileRef = 001B70DF2A82CD1B00C16B23 /* JoinGameSheet.swift */; };
		001B70E52A82DB1B00C16B23 /* ClientOutput.swift in Sources */ = {isa = PBXBuildFile; fileRef = 001B70E42A82DB1B00C16B23 /* ClientOutput.swift */; };
		0034032A2A7D7CA500265AF3 /* Multiplayer_3D_TicTacToeApp.swift in Sources */ = {isa = PBXBuildFile; fileRef = 003403292A7D7CA500265AF3 /* Multiplayer_3D_TicTacToeApp.swift */; };
		0034032C2A7D7CA500265AF3 /* GameView.swift in Sources */ = {isa = PBXBuildFile; fileRef = 0034032B2A7D7CA500265AF3 /* GameView.swift */; };
		0034032E2A7D7CA500265AF3 /* Assets.xcassets in Resources */ = {isa = PBXBuildFile; fileRef = 0034032D2A7D7CA500265AF3 /* Assets.xcassets */; };
		003403322A7D7CA500265AF3 /* Preview Assets.xcassets in Resources */ = {isa = PBXBuildFile; fileRef = 003403312A7D7CA500265AF3 /* Preview Assets.xcassets */; };
		0034033C2A7D7CA600265AF3 /* Multiplayer_3D_TicTacToeTests.swift in Sources */ = {isa = PBXBuildFile; fileRef = 0034033B2A7D7CA600265AF3 /* Multiplayer_3D_TicTacToeTests.swift */; };
		003403462A7D7CA600265AF3 /* Multiplayer_3D_TicTacToeUITests.swift in Sources */ = {isa = PBXBuildFile; fileRef = 003403452A7D7CA600265AF3 /* Multiplayer_3D_TicTacToeUITests.swift */; };
		003403482A7D7CA600265AF3 /* Multiplayer_3D_TicTacToeUITestsLaunchTests.swift in Sources */ = {isa = PBXBuildFile; fileRef = 003403472A7D7CA600265AF3 /* Multiplayer_3D_TicTacToeUITestsLaunchTests.swift */; };
		0034035C2A7D7DCB00265AF3 /* Server.swift in Sources */ = {isa = PBXBuildFile; fileRef = 0034035B2A7D7DCB00265AF3 /* Server.swift */; };
		003403612A7D7E5B00265AF3 /* TicTacToeServer.swift in Sources */ = {isa = PBXBuildFile; fileRef = 003403602A7D7E5B00265AF3 /* TicTacToeServer.swift */; };
		003403642A7D81DD00265AF3 /* WebSocketError.swift in Sources */ = {isa = PBXBuildFile; fileRef = 003403632A7D81DD00265AF3 /* WebSocketError.swift */; };
		0093242E2A87ED7D00DD2DA6 /* BooleanMessageDTO.swift in Sources */ = {isa = PBXBuildFile; fileRef = 0093242D2A87ED7D00DD2DA6 /* BooleanMessageDTO.swift */; };
		00D8DDC92AC23A1E007F5F74 /* Makefile in Sources */ = {isa = PBXBuildFile; fileRef = 00D8DDC82AC23A1E007F5F74 /* Makefile */; };
		00D97F8C2AC8C15F00B65A4A /* RPCManager.swift in Sources */ = {isa = PBXBuildFile; fileRef = 00D97F8B2AC8C15F00B65A4A /* RPCManager.swift */; };
		00D97F8F2AC8C7C200B65A4A /* RPCProviderOutput.swift in Sources */ = {isa = PBXBuildFile; fileRef = 00D97F8E2AC8C7C200B65A4A /* RPCProviderOutput.swift */; };
		00D97F922AC9E9D500B65A4A /* Entity+Ext.swift in Sources */ = {isa = PBXBuildFile; fileRef = 00D97F912AC9E9D500B65A4A /* Entity+Ext.swift */; };
		00D97F942ACA03A800B65A4A /* TicTacToeRPCSession.swift in Sources */ = {isa = PBXBuildFile; fileRef = 00D97F932ACA03A800B65A4A /* TicTacToeRPCSession.swift */; };
		00D9C9DC2ABCBF9E00F66421 /* GRPC in Frameworks */ = {isa = PBXBuildFile; productRef = 00D9C9DB2ABCBF9E00F66421 /* GRPC */; };
		00D9C9DE2ABCBF9E00F66421 /* protoc-gen-grpc-swift in Frameworks */ = {isa = PBXBuildFile; productRef = 00D9C9DD2ABCBF9E00F66421 /* protoc-gen-grpc-swift */; };
		00D9C9E12ABCC02700F66421 /* tic_tac_toe.proto in Sources */ = {isa = PBXBuildFile; fileRef = 00D9C9E02ABCC02700F66421 /* tic_tac_toe.proto */; };
		00EE2D4D2AC3B4F300611138 /* RPCView.swift in Sources */ = {isa = PBXBuildFile; fileRef = 00EE2D4C2AC3B4F300611138 /* RPCView.swift */; };
		00FFA62F2AC256E10092E203 /* tic_tac_toe.grpc.swift in Sources */ = {isa = PBXBuildFile; fileRef = 00FFA62D2AC256E10092E203 /* tic_tac_toe.grpc.swift */; };
		00FFA6302AC256E10092E203 /* tic_tac_toe.pb.swift in Sources */ = {isa = PBXBuildFile; fileRef = 00FFA62E2AC256E10092E203 /* tic_tac_toe.pb.swift */; };
		00FFA6322AC259280092E203 /* TicTacToeRPCProvider.swift in Sources */ = {isa = PBXBuildFile; fileRef = 00FFA6312AC259280092E203 /* TicTacToeRPCProvider.swift */; };
		00FFA6342AC25A1C0092E203 /* TicTacToeRPCClient.swift in Sources */ = {isa = PBXBuildFile; fileRef = 00FFA6332AC25A1C0092E203 /* TicTacToeRPCClient.swift */; };
		00FFA6362AC25A390092E203 /* TicTacToeRPCServer.swift in Sources */ = {isa = PBXBuildFile; fileRef = 00FFA6352AC25A390092E203 /* TicTacToeRPCServer.swift */; };
/* End PBXBuildFile section */

/* Begin PBXContainerItemProxy section */
		003403382A7D7CA600265AF3 /* PBXContainerItemProxy */ = {
			isa = PBXContainerItemProxy;
			containerPortal = 0034031E2A7D7CA500265AF3 /* Project object */;
			proxyType = 1;
			remoteGlobalIDString = 003403252A7D7CA500265AF3;
			remoteInfo = Multiplayer_3D_TicTacToe;
		};
		003403422A7D7CA600265AF3 /* PBXContainerItemProxy */ = {
			isa = PBXContainerItemProxy;
			containerPortal = 0034031E2A7D7CA500265AF3 /* Project object */;
			proxyType = 1;
			remoteGlobalIDString = 003403252A7D7CA500265AF3;
			remoteInfo = Multiplayer_3D_TicTacToe;
		};
/* End PBXContainerItemProxy section */

/* Begin PBXFileReference section */
		000509E72A8D7C94008AA0EB /* ServerStatusLabel.swift */ = {isa = PBXFileReference; lastKnownFileType = sourcecode.swift; path = ServerStatusLabel.swift; sourceTree = "<group>"; };
		000509E92A8D7E7A008AA0EB /* ScreenPosition.swift */ = {isa = PBXFileReference; lastKnownFileType = sourcecode.swift; path = ScreenPosition.swift; sourceTree = "<group>"; };
		000509EB2A8D7F10008AA0EB /* StatusLabel.swift */ = {isa = PBXFileReference; lastKnownFileType = sourcecode.swift; path = StatusLabel.swift; sourceTree = "<group>"; };
		000509EE2A8D83A7008AA0EB /* ServerMessages.swift */ = {isa = PBXFileReference; lastKnownFileType = sourcecode.swift; path = ServerMessages.swift; sourceTree = "<group>"; };
		000509F02A8D8A72008AA0EB /* PlayerSurrenderDTO.swift */ = {isa = PBXFileReference; lastKnownFileType = sourcecode.swift; path = PlayerSurrenderDTO.swift; sourceTree = "<group>"; };
		000509F22A8D8BAE008AA0EB /* GameEndDTO.swift */ = {isa = PBXFileReference; lastKnownFileType = sourcecode.swift; path = GameEndDTO.swift; sourceTree = "<group>"; };
		000509F42A8E79AF008AA0EB /* ChatParameters.swift */ = {isa = PBXFileReference; lastKnownFileType = sourcecode.swift; path = ChatParameters.swift; sourceTree = "<group>"; };
		000509F92A8E800C008AA0EB /* MessageType.swift */ = {isa = PBXFileReference; lastKnownFileType = sourcecode.swift; path = MessageType.swift; sourceTree = "<group>"; };
		000509FC2A8E816C008AA0EB /* DTOProtocol.swift */ = {isa = PBXFileReference; lastKnownFileType = sourcecode.swift; path = DTOProtocol.swift; sourceTree = "<group>"; };
		000509FE2A8E8522008AA0EB /* ChatMessageDTO.swift */ = {isa = PBXFileReference; lastKnownFileType = sourcecode.swift; path = ChatMessageDTO.swift; sourceTree = "<group>"; };
		00050A002A8E8C75008AA0EB /* ChatSheet.swift */ = {isa = PBXFileReference; lastKnownFileType = sourcecode.swift; path = ChatSheet.swift; sourceTree = "<group>"; };
		00050A022A8E91F8008AA0EB /* ChatMessageBaloon.swift */ = {isa = PBXFileReference; lastKnownFileType = sourcecode.swift; path = ChatMessageBaloon.swift; sourceTree = "<group>"; };
		00050A082A9117D7008AA0EB /* TicTacToeSessionTests.swift */ = {isa = PBXFileReference; lastKnownFileType = sourcecode.swift; path = TicTacToeSessionTests.swift; sourceTree = "<group>"; };
		0019A59D2A8932EE008A2930 /* GameViewAssembler.swift */ = {isa = PBXFileReference; lastKnownFileType = sourcecode.swift; path = GameViewAssembler.swift; sourceTree = "<group>"; };
		0019A5A22A8B0CD2008A2930 /* SessionViewModel.swift */ = {isa = PBXFileReference; lastKnownFileType = sourcecode.swift; path = SessionViewModel.swift; sourceTree = "<group>"; };
		0019A5AA2A8BF858008A2930 /* GameFlowParameters.swift */ = {isa = PBXFileReference; lastKnownFileType = sourcecode.swift; path = GameFlowParameters.swift; sourceTree = "<group>"; };
		0019A5AC2A8BFF3F008A2930 /* ConnectedMessageDTO.swift */ = {isa = PBXFileReference; lastKnownFileType = sourcecode.swift; path = ConnectedMessageDTO.swift; sourceTree = "<group>"; };
		0019A5AF2A8C2AEA008A2930 /* ConfirmationAlert.swift */ = {isa = PBXFileReference; lastKnownFileType = sourcecode.swift; path = ConfirmationAlert.swift; sourceTree = "<group>"; };
		0019A5B12A8C2E23008A2930 /* MessageSource.swift */ = {isa = PBXFileReference; lastKnownFileType = sourcecode.swift; path = MessageSource.swift; sourceTree = "<group>"; };
		0019A5B32A8C2F78008A2930 /* PlayerMoveDTO.swift */ = {isa = PBXFileReference; lastKnownFileType = sourcecode.swift; path = PlayerMoveDTO.swift; sourceTree = "<group>"; };
		0019A5B82A8C399D008A2930 /* ChangeShiftDTO.swift */ = {isa = PBXFileReference; lastKnownFileType = sourcecode.swift; path = ChangeShiftDTO.swift; sourceTree = "<group>"; };
		001B70B52A8161A800C16B23 /* TicTacToeClient.swift */ = {isa = PBXFileReference; lastKnownFileType = sourcecode.swift; path = TicTacToeClient.swift; sourceTree = "<group>"; };
		001B70B82A8161B900C16B23 /* Client.swift */ = {isa = PBXFileReference; lastKnownFileType = sourcecode.swift; path = Client.swift; sourceTree = "<group>"; };
		001B70BB2A81637700C16B23 /* TransferMessage.swift */ = {isa = PBXFileReference; lastKnownFileType = sourcecode.swift; path = TransferMessage.swift; sourceTree = "<group>"; };
		001B70C02A81A7F300C16B23 /* StartView.swift */ = {isa = PBXFileReference; lastKnownFileType = sourcecode.swift; path = StartView.swift; sourceTree = "<group>"; };
		001B70C32A81A94100C16B23 /* LargeColoredButton.swift */ = {isa = PBXFileReference; lastKnownFileType = sourcecode.swift; path = LargeColoredButton.swift; sourceTree = "<group>"; };
		001B70C62A81AC9000C16B23 /* StartViewAssembler.swift */ = {isa = PBXFileReference; lastKnownFileType = sourcecode.swift; path = StartViewAssembler.swift; sourceTree = "<group>"; };
		001B70C92A81B02700C16B23 /* AlertError.swift */ = {isa = PBXFileReference; lastKnownFileType = sourcecode.swift; path = AlertError.swift; sourceTree = "<group>"; };
		001B70CC2A81B25500C16B23 /* TicTacToeBoard.swift */ = {isa = PBXFileReference; lastKnownFileType = sourcecode.swift; path = TicTacToeBoard.swift; sourceTree = "<group>"; };
		001B70CF2A81B7BF00C16B23 /* Board.swift */ = {isa = PBXFileReference; lastKnownFileType = sourcecode.swift; path = Board.swift; sourceTree = "<group>"; };
		001B70D12A81B93100C16B23 /* TilePosition.swift */ = {isa = PBXFileReference; lastKnownFileType = sourcecode.swift; path = TilePosition.swift; sourceTree = "<group>"; };
		001B70D32A82A25000C16B23 /* Tile.swift */ = {isa = PBXFileReference; lastKnownFileType = sourcecode.swift; path = Tile.swift; sourceTree = "<group>"; };
		001B70D52A82A46900C16B23 /* TileStyle.swift */ = {isa = PBXFileReference; lastKnownFileType = sourcecode.swift; path = TileStyle.swift; sourceTree = "<group>"; };
		001B70D72A82A7C900C16B23 /* Session.swift */ = {isa = PBXFileReference; lastKnownFileType = sourcecode.swift; path = Session.swift; sourceTree = "<group>"; };
		001B70D92A82A80400C16B23 /* TicTacToeSession.swift */ = {isa = PBXFileReference; lastKnownFileType = sourcecode.swift; path = TicTacToeSession.swift; sourceTree = "<group>"; };
		001B70DD2A82A85100C16B23 /* Player.swift */ = {isa = PBXFileReference; lastKnownFileType = sourcecode.swift; path = Player.swift; sourceTree = "<group>"; };
		001B70DF2A82CD1B00C16B23 /* JoinGameSheet.swift */ = {isa = PBXFileReference; lastKnownFileType = sourcecode.swift; path = JoinGameSheet.swift; sourceTree = "<group>"; };
		001B70E42A82DB1B00C16B23 /* ClientOutput.swift */ = {isa = PBXFileReference; lastKnownFileType = sourcecode.swift; path = ClientOutput.swift; sourceTree = "<group>"; };
		003403262A7D7CA500265AF3 /* Multiplayer_3D_TicTacToe.app */ = {isa = PBXFileReference; explicitFileType = wrapper.application; includeInIndex = 0; path = Multiplayer_3D_TicTacToe.app; sourceTree = BUILT_PRODUCTS_DIR; };
		003403292A7D7CA500265AF3 /* Multiplayer_3D_TicTacToeApp.swift */ = {isa = PBXFileReference; lastKnownFileType = sourcecode.swift; path = Multiplayer_3D_TicTacToeApp.swift; sourceTree = "<group>"; };
		0034032B2A7D7CA500265AF3 /* GameView.swift */ = {isa = PBXFileReference; lastKnownFileType = sourcecode.swift; path = GameView.swift; sourceTree = "<group>"; };
		0034032D2A7D7CA500265AF3 /* Assets.xcassets */ = {isa = PBXFileReference; lastKnownFileType = folder.assetcatalog; path = Assets.xcassets; sourceTree = "<group>"; };
		0034032F2A7D7CA500265AF3 /* Multiplayer_3D_TicTacToe.entitlements */ = {isa = PBXFileReference; lastKnownFileType = text.plist.entitlements; path = Multiplayer_3D_TicTacToe.entitlements; sourceTree = "<group>"; };
		003403312A7D7CA500265AF3 /* Preview Assets.xcassets */ = {isa = PBXFileReference; lastKnownFileType = folder.assetcatalog; path = "Preview Assets.xcassets"; sourceTree = "<group>"; };
		003403372A7D7CA600265AF3 /* Multiplayer_3D_TicTacToeTests.xctest */ = {isa = PBXFileReference; explicitFileType = wrapper.cfbundle; includeInIndex = 0; path = Multiplayer_3D_TicTacToeTests.xctest; sourceTree = BUILT_PRODUCTS_DIR; };
		0034033B2A7D7CA600265AF3 /* Multiplayer_3D_TicTacToeTests.swift */ = {isa = PBXFileReference; lastKnownFileType = sourcecode.swift; path = Multiplayer_3D_TicTacToeTests.swift; sourceTree = "<group>"; };
		003403412A7D7CA600265AF3 /* Multiplayer_3D_TicTacToeUITests.xctest */ = {isa = PBXFileReference; explicitFileType = wrapper.cfbundle; includeInIndex = 0; path = Multiplayer_3D_TicTacToeUITests.xctest; sourceTree = BUILT_PRODUCTS_DIR; };
		003403452A7D7CA600265AF3 /* Multiplayer_3D_TicTacToeUITests.swift */ = {isa = PBXFileReference; lastKnownFileType = sourcecode.swift; path = Multiplayer_3D_TicTacToeUITests.swift; sourceTree = "<group>"; };
		003403472A7D7CA600265AF3 /* Multiplayer_3D_TicTacToeUITestsLaunchTests.swift */ = {isa = PBXFileReference; lastKnownFileType = sourcecode.swift; path = Multiplayer_3D_TicTacToeUITestsLaunchTests.swift; sourceTree = "<group>"; };
		0034035B2A7D7DCB00265AF3 /* Server.swift */ = {isa = PBXFileReference; lastKnownFileType = sourcecode.swift; path = Server.swift; sourceTree = "<group>"; };
		003403602A7D7E5B00265AF3 /* TicTacToeServer.swift */ = {isa = PBXFileReference; lastKnownFileType = sourcecode.swift; path = TicTacToeServer.swift; sourceTree = "<group>"; };
		003403632A7D81DD00265AF3 /* WebSocketError.swift */ = {isa = PBXFileReference; lastKnownFileType = sourcecode.swift; path = WebSocketError.swift; sourceTree = "<group>"; };
		0093242D2A87ED7D00DD2DA6 /* BooleanMessageDTO.swift */ = {isa = PBXFileReference; lastKnownFileType = sourcecode.swift; path = BooleanMessageDTO.swift; sourceTree = "<group>"; };
		00D8DDC82AC23A1E007F5F74 /* Makefile */ = {isa = PBXFileReference; lastKnownFileType = sourcecode.make; path = Makefile; sourceTree = "<group>"; };
		00D97F8B2AC8C15F00B65A4A /* RPCManager.swift */ = {isa = PBXFileReference; lastKnownFileType = sourcecode.swift; path = RPCManager.swift; sourceTree = "<group>"; };
		00D97F8E2AC8C7C200B65A4A /* RPCProviderOutput.swift */ = {isa = PBXFileReference; lastKnownFileType = sourcecode.swift; path = RPCProviderOutput.swift; sourceTree = "<group>"; };
		00D97F912AC9E9D500B65A4A /* Entity+Ext.swift */ = {isa = PBXFileReference; lastKnownFileType = sourcecode.swift; path = "Entity+Ext.swift"; sourceTree = "<group>"; };
		00D97F932ACA03A800B65A4A /* TicTacToeRPCSession.swift */ = {isa = PBXFileReference; fileEncoding = 4; lastKnownFileType = sourcecode.swift; path = TicTacToeRPCSession.swift; sourceTree = "<group>"; };
		00D9C9E02ABCC02700F66421 /* tic_tac_toe.proto */ = {isa = PBXFileReference; lastKnownFileType = sourcecode.protobuf; path = tic_tac_toe.proto; sourceTree = "<group>"; };
		00EE2D4C2AC3B4F300611138 /* RPCView.swift */ = {isa = PBXFileReference; lastKnownFileType = sourcecode.swift; path = RPCView.swift; sourceTree = "<group>"; };
		00FFA62D2AC256E10092E203 /* tic_tac_toe.grpc.swift */ = {isa = PBXFileReference; fileEncoding = 4; lastKnownFileType = sourcecode.swift; path = tic_tac_toe.grpc.swift; sourceTree = "<group>"; };
		00FFA62E2AC256E10092E203 /* tic_tac_toe.pb.swift */ = {isa = PBXFileReference; fileEncoding = 4; lastKnownFileType = sourcecode.swift; path = tic_tac_toe.pb.swift; sourceTree = "<group>"; };
		00FFA6312AC259280092E203 /* TicTacToeRPCProvider.swift */ = {isa = PBXFileReference; lastKnownFileType = sourcecode.swift; path = TicTacToeRPCProvider.swift; sourceTree = "<group>"; };
		00FFA6332AC25A1C0092E203 /* TicTacToeRPCClient.swift */ = {isa = PBXFileReference; lastKnownFileType = sourcecode.swift; path = TicTacToeRPCClient.swift; sourceTree = "<group>"; };
		00FFA6352AC25A390092E203 /* TicTacToeRPCServer.swift */ = {isa = PBXFileReference; lastKnownFileType = sourcecode.swift; path = TicTacToeRPCServer.swift; sourceTree = "<group>"; };
/* End PBXFileReference section */

/* Begin PBXFrameworksBuildPhase section */
		003403232A7D7CA500265AF3 /* Frameworks */ = {
			isa = PBXFrameworksBuildPhase;
			buildActionMask = 2147483647;
			files = (
				00D9C9DE2ABCBF9E00F66421 /* protoc-gen-grpc-swift in Frameworks */,
				00D9C9DC2ABCBF9E00F66421 /* GRPC in Frameworks */,
			);
			runOnlyForDeploymentPostprocessing = 0;
		};
		003403342A7D7CA600265AF3 /* Frameworks */ = {
			isa = PBXFrameworksBuildPhase;
			buildActionMask = 2147483647;
			files = (
			);
			runOnlyForDeploymentPostprocessing = 0;
		};
		0034033E2A7D7CA600265AF3 /* Frameworks */ = {
			isa = PBXFrameworksBuildPhase;
			buildActionMask = 2147483647;
			files = (
			);
			runOnlyForDeploymentPostprocessing = 0;
		};
/* End PBXFrameworksBuildPhase section */

/* Begin PBXGroup section */
		000509ED2A8D8399008AA0EB /* Model */ = {
			isa = PBXGroup;
			children = (
				000509EE2A8D83A7008AA0EB /* ServerMessages.swift */,
			);
			path = Model;
			sourceTree = "<group>";
		};
		000509F62A8E79C3008AA0EB /* General */ = {
			isa = PBXGroup;
			children = (
				001B70DD2A82A85100C16B23 /* Player.swift */,
				001B70D52A82A46900C16B23 /* TileStyle.swift */,
				001B70CF2A81B7BF00C16B23 /* Board.swift */,
				001B70D32A82A25000C16B23 /* Tile.swift */,
				001B70D12A81B93100C16B23 /* TilePosition.swift */,
			);
			path = General;
			sourceTree = "<group>";
		};
		000509F72A8E79D7008AA0EB /* Messages */ = {
			isa = PBXGroup;
			children = (
				001B70BB2A81637700C16B23 /* TransferMessage.swift */,
				0019A5B12A8C2E23008A2930 /* MessageSource.swift */,
				000509F92A8E800C008AA0EB /* MessageType.swift */,
			);
			path = Messages;
			sourceTree = "<group>";
		};
		000509F82A8E79E6008AA0EB /* Error */ = {
			isa = PBXGroup;
			children = (
				003403632A7D81DD00265AF3 /* WebSocketError.swift */,
			);
			path = Error;
			sourceTree = "<group>";
		};
		000509FB2A8E8166008AA0EB /* Protocol */ = {
			isa = PBXGroup;
			children = (
				000509FC2A8E816C008AA0EB /* DTOProtocol.swift */,
			);
			path = Protocol;
			sourceTree = "<group>";
		};
		00050A042A9117A6008AA0EB /* Domain */ = {
			isa = PBXGroup;
			children = (
				00050A052A9117B1008AA0EB /* Session */,
			);
			path = Domain;
			sourceTree = "<group>";
		};
		00050A052A9117B1008AA0EB /* Session */ = {
			isa = PBXGroup;
			children = (
				00050A082A9117D7008AA0EB /* TicTacToeSessionTests.swift */,
			);
			path = Session;
			sourceTree = "<group>";
		};
		0019A5A12A8B0CBD008A2930 /* General */ = {
			isa = PBXGroup;
			children = (
				000509ED2A8D8399008AA0EB /* Model */,
				0019A5A22A8B0CD2008A2930 /* SessionViewModel.swift */,
			);
			path = General;
			sourceTree = "<group>";
		};
		0019A5A72A8B12E5008A2930 /* Utilities */ = {
			isa = PBXGroup;
			children = (
			);
			path = Utilities;
			sourceTree = "<group>";
		};
		0019A5AE2A8C2AE1008A2930 /* Model */ = {
			isa = PBXGroup;
			children = (
				0019A5AF2A8C2AEA008A2930 /* ConfirmationAlert.swift */,
				000509E92A8D7E7A008AA0EB /* ScreenPosition.swift */,
				000509EB2A8D7F10008AA0EB /* StatusLabel.swift */,
			);
			path = Model;
			sourceTree = "<group>";
		};
		001B70B42A81619300C16B23 /* Domain */ = {
			isa = PBXGroup;
			children = (
				001B70BA2A81636400C16B23 /* Entities */,
				001B70B52A8161A800C16B23 /* TicTacToeClient.swift */,
				003403602A7D7E5B00265AF3 /* TicTacToeServer.swift */,
				001B70D92A82A80400C16B23 /* TicTacToeSession.swift */,
			);
			path = Domain;
			sourceTree = "<group>";
		};
		001B70B72A8161B300C16B23 /* Protocol */ = {
			isa = PBXGroup;
			children = (
				0034035B2A7D7DCB00265AF3 /* Server.swift */,
				001B70B82A8161B900C16B23 /* Client.swift */,
				001B70D72A82A7C900C16B23 /* Session.swift */,
				001B70E42A82DB1B00C16B23 /* ClientOutput.swift */,
			);
			path = Protocol;
			sourceTree = "<group>";
		};
		001B70BA2A81636400C16B23 /* Entities */ = {
			isa = PBXGroup;
			children = (
				000509F82A8E79E6008AA0EB /* Error */,
				000509F72A8E79D7008AA0EB /* Messages */,
				000509F62A8E79C3008AA0EB /* General */,
				001B70E12A82D99500C16B23 /* DTOS */,
				0019A5AA2A8BF858008A2930 /* GameFlowParameters.swift */,
				000509F42A8E79AF008AA0EB /* ChatParameters.swift */,
			);
			path = Entities;
			sourceTree = "<group>";
		};
		001B70BF2A81A7EA00C16B23 /* StartView */ = {
			isa = PBXGroup;
			children = (
				001B70C82A81B01100C16B23 /* Model */,
				001B70C22A81A92200C16B23 /* Components */,
				001B70C02A81A7F300C16B23 /* StartView.swift */,
			);
			path = StartView;
			sourceTree = "<group>";
		};
		001B70C22A81A92200C16B23 /* Components */ = {
			isa = PBXGroup;
			children = (
				001B70C32A81A94100C16B23 /* LargeColoredButton.swift */,
				001B70DF2A82CD1B00C16B23 /* JoinGameSheet.swift */,
			);
			path = Components;
			sourceTree = "<group>";
		};
		001B70C52A81AC7F00C16B23 /* Assembler */ = {
			isa = PBXGroup;
			children = (
				001B70C62A81AC9000C16B23 /* StartViewAssembler.swift */,
				0019A59D2A8932EE008A2930 /* GameViewAssembler.swift */,
			);
			path = Assembler;
			sourceTree = "<group>";
		};
		001B70C82A81B01100C16B23 /* Model */ = {
			isa = PBXGroup;
			children = (
				001B70C92A81B02700C16B23 /* AlertError.swift */,
			);
			path = Model;
			sourceTree = "<group>";
		};
		001B70CB2A81B24A00C16B23 /* Components */ = {
			isa = PBXGroup;
			children = (
				001B70CC2A81B25500C16B23 /* TicTacToeBoard.swift */,
				000509E72A8D7C94008AA0EB /* ServerStatusLabel.swift */,
				00050A002A8E8C75008AA0EB /* ChatSheet.swift */,
				00050A022A8E91F8008AA0EB /* ChatMessageBaloon.swift */,
			);
			path = Components;
			sourceTree = "<group>";
		};
		001B70E12A82D99500C16B23 /* DTOS */ = {
			isa = PBXGroup;
			children = (
				000509FB2A8E8166008AA0EB /* Protocol */,
				0093242D2A87ED7D00DD2DA6 /* BooleanMessageDTO.swift */,
				0019A5AC2A8BFF3F008A2930 /* ConnectedMessageDTO.swift */,
				0019A5B32A8C2F78008A2930 /* PlayerMoveDTO.swift */,
				0019A5B82A8C399D008A2930 /* ChangeShiftDTO.swift */,
				000509F02A8D8A72008AA0EB /* PlayerSurrenderDTO.swift */,
				000509F22A8D8BAE008AA0EB /* GameEndDTO.swift */,
				000509FE2A8E8522008AA0EB /* ChatMessageDTO.swift */,
			);
			path = DTOS;
			sourceTree = "<group>";
		};
		0034031D2A7D7CA500265AF3 = {
			isa = PBXGroup;
			children = (
				00D8DDC82AC23A1E007F5F74 /* Makefile */,
				003403282A7D7CA500265AF3 /* Multiplayer_3D_TicTacToe */,
				0034033A2A7D7CA600265AF3 /* Multiplayer_3D_TicTacToeTests */,
				003403442A7D7CA600265AF3 /* Multiplayer_3D_TicTacToeUITests */,
				003403272A7D7CA500265AF3 /* Products */,
			);
			sourceTree = "<group>";
		};
		003403272A7D7CA500265AF3 /* Products */ = {
			isa = PBXGroup;
			children = (
				003403262A7D7CA500265AF3 /* Multiplayer_3D_TicTacToe.app */,
				003403372A7D7CA600265AF3 /* Multiplayer_3D_TicTacToeTests.xctest */,
				003403412A7D7CA600265AF3 /* Multiplayer_3D_TicTacToeUITests.xctest */,
			);
			name = Products;
			sourceTree = "<group>";
		};
		003403282A7D7CA500265AF3 /* Multiplayer_3D_TicTacToe */ = {
			isa = PBXGroup;
			children = (
				003403562A7D7CE100265AF3 /* Source */,
				003403552A7D7CD600265AF3 /* Resource */,
				003403542A7D7CB800265AF3 /* Application */,
				0034032F2A7D7CA500265AF3 /* Multiplayer_3D_TicTacToe.entitlements */,
				003403302A7D7CA500265AF3 /* Preview Content */,
			);
			path = Multiplayer_3D_TicTacToe;
			sourceTree = "<group>";
		};
		003403302A7D7CA500265AF3 /* Preview Content */ = {
			isa = PBXGroup;
			children = (
				003403312A7D7CA500265AF3 /* Preview Assets.xcassets */,
			);
			path = "Preview Content";
			sourceTree = "<group>";
		};
		0034033A2A7D7CA600265AF3 /* Multiplayer_3D_TicTacToeTests */ = {
			isa = PBXGroup;
			children = (
				00050A042A9117A6008AA0EB /* Domain */,
				0034033B2A7D7CA600265AF3 /* Multiplayer_3D_TicTacToeTests.swift */,
			);
			path = Multiplayer_3D_TicTacToeTests;
			sourceTree = "<group>";
		};
		003403442A7D7CA600265AF3 /* Multiplayer_3D_TicTacToeUITests */ = {
			isa = PBXGroup;
			children = (
				003403452A7D7CA600265AF3 /* Multiplayer_3D_TicTacToeUITests.swift */,
				003403472A7D7CA600265AF3 /* Multiplayer_3D_TicTacToeUITestsLaunchTests.swift */,
			);
			path = Multiplayer_3D_TicTacToeUITests;
			sourceTree = "<group>";
		};
		003403542A7D7CB800265AF3 /* Application */ = {
			isa = PBXGroup;
			children = (
				0019A5A72A8B12E5008A2930 /* Utilities */,
				001B70C52A81AC7F00C16B23 /* Assembler */,
				003403292A7D7CA500265AF3 /* Multiplayer_3D_TicTacToeApp.swift */,
			);
			path = Application;
			sourceTree = "<group>";
		};
		003403552A7D7CD600265AF3 /* Resource */ = {
			isa = PBXGroup;
			children = (
				0034032D2A7D7CA500265AF3 /* Assets.xcassets */,
			);
			path = Resource;
			sourceTree = "<group>";
		};
		003403562A7D7CE100265AF3 /* Source */ = {
			isa = PBXGroup;
			children = (
				001B70B72A8161B300C16B23 /* Protocol */,
				00D9C9D92ABCBEFD00F66421 /* gRPC */,
				00D9C9D82ABCBEED00F66421 /* WebSocket */,
				003403572A7D7CFB00265AF3 /* Presentation */,
			);
			path = Source;
			sourceTree = "<group>";
		};
		003403572A7D7CFB00265AF3 /* Presentation */ = {
			isa = PBXGroup;
			children = (
				0019A5A12A8B0CBD008A2930 /* General */,
				001B70BF2A81A7EA00C16B23 /* StartView */,
				003403582A7D7D0500265AF3 /* GameView */,
				00EE2D4C2AC3B4F300611138 /* RPCView.swift */,
			);
			path = Presentation;
			sourceTree = "<group>";
		};
		003403582A7D7D0500265AF3 /* GameView */ = {
			isa = PBXGroup;
			children = (
				0019A5AE2A8C2AE1008A2930 /* Model */,
				001B70CB2A81B24A00C16B23 /* Components */,
				0034032B2A7D7CA500265AF3 /* GameView.swift */,
			);
			path = GameView;
			sourceTree = "<group>";
		};
		00D97F8D2AC8C7B300B65A4A /* Protocol */ = {
			isa = PBXGroup;
			children = (
				00D97F8E2AC8C7C200B65A4A /* RPCProviderOutput.swift */,
			);
			path = Protocol;
			sourceTree = "<group>";
		};
		00D97F902AC9E9CB00B65A4A /* Extension */ = {
			isa = PBXGroup;
			children = (
				00D97F912AC9E9D500B65A4A /* Entity+Ext.swift */,
			);
			path = Extension;
			sourceTree = "<group>";
		};
		00D9C9D82ABCBEED00F66421 /* WebSocket */ = {
			isa = PBXGroup;
			children = (
				001B70B42A81619300C16B23 /* Domain */,
			);
			path = WebSocket;
			sourceTree = "<group>";
		};
		00D9C9D92ABCBEFD00F66421 /* gRPC */ = {
			isa = PBXGroup;
			children = (
				00D9C9DF2ABCBFCA00F66421 /* Domain */,
			);
			path = gRPC;
			sourceTree = "<group>";
		};
		00D9C9DF2ABCBFCA00F66421 /* Domain */ = {
			isa = PBXGroup;
			children = (
				00D97F902AC9E9CB00B65A4A /* Extension */,
				00D97F8D2AC8C7B300B65A4A /* Protocol */,
				00D9C9E22ABCC60A00F66421 /* Model */,
				00FFA6312AC259280092E203 /* TicTacToeRPCProvider.swift */,
				00FFA6332AC25A1C0092E203 /* TicTacToeRPCClient.swift */,
				00FFA6352AC25A390092E203 /* TicTacToeRPCServer.swift */,
				00D97F932ACA03A800B65A4A /* TicTacToeRPCSession.swift */,
				00D97F8B2AC8C15F00B65A4A /* RPCManager.swift */,
			);
			path = Domain;
			sourceTree = "<group>";
		};
		00D9C9E22ABCC60A00F66421 /* Model */ = {
			isa = PBXGroup;
			children = (
				00FFA62D2AC256E10092E203 /* tic_tac_toe.grpc.swift */,
				00FFA62E2AC256E10092E203 /* tic_tac_toe.pb.swift */,
				00D9C9E02ABCC02700F66421 /* tic_tac_toe.proto */,
			);
			path = Model;
			sourceTree = "<group>";
		};
/* End PBXGroup section */

/* Begin PBXNativeTarget section */
		003403252A7D7CA500265AF3 /* Multiplayer_3D_TicTacToe */ = {
			isa = PBXNativeTarget;
			buildConfigurationList = 0034034B2A7D7CA600265AF3 /* Build configuration list for PBXNativeTarget "Multiplayer_3D_TicTacToe" */;
			buildPhases = (
				003403222A7D7CA500265AF3 /* Sources */,
				003403232A7D7CA500265AF3 /* Frameworks */,
				003403242A7D7CA500265AF3 /* Resources */,
			);
			buildRules = (
			);
			dependencies = (
			);
			name = Multiplayer_3D_TicTacToe;
			packageProductDependencies = (
				00D9C9DB2ABCBF9E00F66421 /* GRPC */,
				00D9C9DD2ABCBF9E00F66421 /* protoc-gen-grpc-swift */,
			);
			productName = Multiplayer_3D_TicTacToe;
			productReference = 003403262A7D7CA500265AF3 /* Multiplayer_3D_TicTacToe.app */;
			productType = "com.apple.product-type.application";
		};
		003403362A7D7CA600265AF3 /* Multiplayer_3D_TicTacToeTests */ = {
			isa = PBXNativeTarget;
			buildConfigurationList = 0034034E2A7D7CA600265AF3 /* Build configuration list for PBXNativeTarget "Multiplayer_3D_TicTacToeTests" */;
			buildPhases = (
				003403332A7D7CA600265AF3 /* Sources */,
				003403342A7D7CA600265AF3 /* Frameworks */,
				003403352A7D7CA600265AF3 /* Resources */,
			);
			buildRules = (
			);
			dependencies = (
				003403392A7D7CA600265AF3 /* PBXTargetDependency */,
			);
			name = Multiplayer_3D_TicTacToeTests;
			productName = Multiplayer_3D_TicTacToeTests;
			productReference = 003403372A7D7CA600265AF3 /* Multiplayer_3D_TicTacToeTests.xctest */;
			productType = "com.apple.product-type.bundle.unit-test";
		};
		003403402A7D7CA600265AF3 /* Multiplayer_3D_TicTacToeUITests */ = {
			isa = PBXNativeTarget;
			buildConfigurationList = 003403512A7D7CA600265AF3 /* Build configuration list for PBXNativeTarget "Multiplayer_3D_TicTacToeUITests" */;
			buildPhases = (
				0034033D2A7D7CA600265AF3 /* Sources */,
				0034033E2A7D7CA600265AF3 /* Frameworks */,
				0034033F2A7D7CA600265AF3 /* Resources */,
			);
			buildRules = (
			);
			dependencies = (
				003403432A7D7CA600265AF3 /* PBXTargetDependency */,
			);
			name = Multiplayer_3D_TicTacToeUITests;
			productName = Multiplayer_3D_TicTacToeUITests;
			productReference = 003403412A7D7CA600265AF3 /* Multiplayer_3D_TicTacToeUITests.xctest */;
			productType = "com.apple.product-type.bundle.ui-testing";
		};
/* End PBXNativeTarget section */

/* Begin PBXProject section */
		0034031E2A7D7CA500265AF3 /* Project object */ = {
			isa = PBXProject;
			attributes = {
				BuildIndependentTargetsInParallel = 1;
				LastSwiftUpdateCheck = 1430;
				LastUpgradeCheck = 1500;
				TargetAttributes = {
					003403252A7D7CA500265AF3 = {
						CreatedOnToolsVersion = 14.3;
					};
					003403362A7D7CA600265AF3 = {
						CreatedOnToolsVersion = 14.3;
						TestTargetID = 003403252A7D7CA500265AF3;
					};
					003403402A7D7CA600265AF3 = {
						CreatedOnToolsVersion = 14.3;
						TestTargetID = 003403252A7D7CA500265AF3;
					};
				};
			};
			buildConfigurationList = 003403212A7D7CA500265AF3 /* Build configuration list for PBXProject "Multiplayer_3D_TicTacToe" */;
			compatibilityVersion = "Xcode 14.0";
			developmentRegion = en;
			hasScannedForEncodings = 0;
			knownRegions = (
				en,
				Base,
			);
			mainGroup = 0034031D2A7D7CA500265AF3;
			packageReferences = (
				00D9C9DA2ABCBF9E00F66421 /* XCRemoteSwiftPackageReference "grpc-swift" */,
			);
			productRefGroup = 003403272A7D7CA500265AF3 /* Products */;
			projectDirPath = "";
			projectRoot = "";
			targets = (
				003403252A7D7CA500265AF3 /* Multiplayer_3D_TicTacToe */,
				003403362A7D7CA600265AF3 /* Multiplayer_3D_TicTacToeTests */,
				003403402A7D7CA600265AF3 /* Multiplayer_3D_TicTacToeUITests */,
			);
		};
/* End PBXProject section */

/* Begin PBXResourcesBuildPhase section */
		003403242A7D7CA500265AF3 /* Resources */ = {
			isa = PBXResourcesBuildPhase;
			buildActionMask = 2147483647;
			files = (
				003403322A7D7CA500265AF3 /* Preview Assets.xcassets in Resources */,
				0034032E2A7D7CA500265AF3 /* Assets.xcassets in Resources */,
			);
			runOnlyForDeploymentPostprocessing = 0;
		};
		003403352A7D7CA600265AF3 /* Resources */ = {
			isa = PBXResourcesBuildPhase;
			buildActionMask = 2147483647;
			files = (
			);
			runOnlyForDeploymentPostprocessing = 0;
		};
		0034033F2A7D7CA600265AF3 /* Resources */ = {
			isa = PBXResourcesBuildPhase;
			buildActionMask = 2147483647;
			files = (
			);
			runOnlyForDeploymentPostprocessing = 0;
		};
/* End PBXResourcesBuildPhase section */

/* Begin PBXSourcesBuildPhase section */
		003403222A7D7CA500265AF3 /* Sources */ = {
			isa = PBXSourcesBuildPhase;
			buildActionMask = 2147483647;
			files = (
				00D8DDC92AC23A1E007F5F74 /* Makefile in Sources */,
				00050A032A8E91F8008AA0EB /* ChatMessageBaloon.swift in Sources */,
				000509EA2A8D7E7A008AA0EB /* ScreenPosition.swift in Sources */,
				00EE2D4D2AC3B4F300611138 /* RPCView.swift in Sources */,
				0034032C2A7D7CA500265AF3 /* GameView.swift in Sources */,
				0019A5A32A8B0CD2008A2930 /* SessionViewModel.swift in Sources */,
				00FFA6362AC25A390092E203 /* TicTacToeRPCServer.swift in Sources */,
				001B70D42A82A25000C16B23 /* Tile.swift in Sources */,
				0019A5B42A8C2F78008A2930 /* PlayerMoveDTO.swift in Sources */,
				003403642A7D81DD00265AF3 /* WebSocketError.swift in Sources */,
				0019A59E2A8932EE008A2930 /* GameViewAssembler.swift in Sources */,
				001B70DE2A82A85100C16B23 /* Player.swift in Sources */,
				001B70C12A81A7F300C16B23 /* StartView.swift in Sources */,
				000509F12A8D8A72008AA0EB /* PlayerSurrenderDTO.swift in Sources */,
				001B70D02A81B7BF00C16B23 /* Board.swift in Sources */,
				00D97F942ACA03A800B65A4A /* TicTacToeRPCSession.swift in Sources */,
				0019A5AB2A8BF858008A2930 /* GameFlowParameters.swift in Sources */,
				001B70CA2A81B02700C16B23 /* AlertError.swift in Sources */,
				000509FD2A8E816C008AA0EB /* DTOProtocol.swift in Sources */,
				00D97F922AC9E9D500B65A4A /* Entity+Ext.swift in Sources */,
				001B70E02A82CD1B00C16B23 /* JoinGameSheet.swift in Sources */,
				0034035C2A7D7DCB00265AF3 /* Server.swift in Sources */,
				00FFA6342AC25A1C0092E203 /* TicTacToeRPCClient.swift in Sources */,
				00D9C9E12ABCC02700F66421 /* tic_tac_toe.proto in Sources */,
				00FFA6302AC256E10092E203 /* tic_tac_toe.pb.swift in Sources */,
				000509EF2A8D83A7008AA0EB /* ServerMessages.swift in Sources */,
				000509FF2A8E8522008AA0EB /* ChatMessageDTO.swift in Sources */,
				000509E82A8D7C94008AA0EB /* ServerStatusLabel.swift in Sources */,
				001B70D22A81B93100C16B23 /* TilePosition.swift in Sources */,
				001B70CD2A81B25500C16B23 /* TicTacToeBoard.swift in Sources */,
				001B70C42A81A94100C16B23 /* LargeColoredButton.swift in Sources */,
				00D97F8F2AC8C7C200B65A4A /* RPCProviderOutput.swift in Sources */,
				0019A5AD2A8BFF3F008A2930 /* ConnectedMessageDTO.swift in Sources */,
				003403612A7D7E5B00265AF3 /* TicTacToeServer.swift in Sources */,
				001B70D82A82A7C900C16B23 /* Session.swift in Sources */,
				001B70BC2A81637700C16B23 /* TransferMessage.swift in Sources */,
				000509EC2A8D7F10008AA0EB /* StatusLabel.swift in Sources */,
				001B70E52A82DB1B00C16B23 /* ClientOutput.swift in Sources */,
				0093242E2A87ED7D00DD2DA6 /* BooleanMessageDTO.swift in Sources */,
				001B70C72A81AC9000C16B23 /* StartViewAssembler.swift in Sources */,
				000509F32A8D8BAE008AA0EB /* GameEndDTO.swift in Sources */,
				0034032A2A7D7CA500265AF3 /* Multiplayer_3D_TicTacToeApp.swift in Sources */,
				00FFA62F2AC256E10092E203 /* tic_tac_toe.grpc.swift in Sources */,
				0019A5B02A8C2AEA008A2930 /* ConfirmationAlert.swift in Sources */,
				0019A5B92A8C399D008A2930 /* ChangeShiftDTO.swift in Sources */,
				001B70D62A82A46900C16B23 /* TileStyle.swift in Sources */,
				00D97F8C2AC8C15F00B65A4A /* RPCManager.swift in Sources */,
				00050A012A8E8C75008AA0EB /* ChatSheet.swift in Sources */,
				000509FA2A8E800C008AA0EB /* MessageType.swift in Sources */,
				001B70DA2A82A80400C16B23 /* TicTacToeSession.swift in Sources */,
				001B70B62A8161A800C16B23 /* TicTacToeClient.swift in Sources */,
				0019A5B22A8C2E23008A2930 /* MessageSource.swift in Sources */,
				00FFA6322AC259280092E203 /* TicTacToeRPCProvider.swift in Sources */,
				001B70B92A8161B900C16B23 /* Client.swift in Sources */,
				000509F52A8E79AF008AA0EB /* ChatParameters.swift in Sources */,
			);
			runOnlyForDeploymentPostprocessing = 0;
		};
		003403332A7D7CA600265AF3 /* Sources */ = {
			isa = PBXSourcesBuildPhase;
			buildActionMask = 2147483647;
			files = (
				0034033C2A7D7CA600265AF3 /* Multiplayer_3D_TicTacToeTests.swift in Sources */,
				00050A092A9117D7008AA0EB /* TicTacToeSessionTests.swift in Sources */,
			);
			runOnlyForDeploymentPostprocessing = 0;
		};
		0034033D2A7D7CA600265AF3 /* Sources */ = {
			isa = PBXSourcesBuildPhase;
			buildActionMask = 2147483647;
			files = (
				003403462A7D7CA600265AF3 /* Multiplayer_3D_TicTacToeUITests.swift in Sources */,
				003403482A7D7CA600265AF3 /* Multiplayer_3D_TicTacToeUITestsLaunchTests.swift in Sources */,
			);
			runOnlyForDeploymentPostprocessing = 0;
		};
/* End PBXSourcesBuildPhase section */

/* Begin PBXTargetDependency section */
		003403392A7D7CA600265AF3 /* PBXTargetDependency */ = {
			isa = PBXTargetDependency;
			target = 003403252A7D7CA500265AF3 /* Multiplayer_3D_TicTacToe */;
			targetProxy = 003403382A7D7CA600265AF3 /* PBXContainerItemProxy */;
		};
		003403432A7D7CA600265AF3 /* PBXTargetDependency */ = {
			isa = PBXTargetDependency;
			target = 003403252A7D7CA500265AF3 /* Multiplayer_3D_TicTacToe */;
			targetProxy = 003403422A7D7CA600265AF3 /* PBXContainerItemProxy */;
		};
/* End PBXTargetDependency section */

/* Begin XCBuildConfiguration section */
		003403492A7D7CA600265AF3 /* Debug */ = {
			isa = XCBuildConfiguration;
			buildSettings = {
				ALWAYS_SEARCH_USER_PATHS = NO;
				CLANG_ANALYZER_NONNULL = YES;
				CLANG_ANALYZER_NUMBER_OBJECT_CONVERSION = YES_AGGRESSIVE;
				CLANG_CXX_LANGUAGE_STANDARD = "gnu++20";
				CLANG_ENABLE_MODULES = YES;
				CLANG_ENABLE_OBJC_ARC = YES;
				CLANG_ENABLE_OBJC_WEAK = YES;
				CLANG_WARN_BLOCK_CAPTURE_AUTORELEASING = YES;
				CLANG_WARN_BOOL_CONVERSION = YES;
				CLANG_WARN_COMMA = YES;
				CLANG_WARN_CONSTANT_CONVERSION = YES;
				CLANG_WARN_DEPRECATED_OBJC_IMPLEMENTATIONS = YES;
				CLANG_WARN_DIRECT_OBJC_ISA_USAGE = YES_ERROR;
				CLANG_WARN_DOCUMENTATION_COMMENTS = YES;
				CLANG_WARN_EMPTY_BODY = YES;
				CLANG_WARN_ENUM_CONVERSION = YES;
				CLANG_WARN_INFINITE_RECURSION = YES;
				CLANG_WARN_INT_CONVERSION = YES;
				CLANG_WARN_NON_LITERAL_NULL_CONVERSION = YES;
				CLANG_WARN_OBJC_IMPLICIT_RETAIN_SELF = YES;
				CLANG_WARN_OBJC_LITERAL_CONVERSION = YES;
				CLANG_WARN_OBJC_ROOT_CLASS = YES_ERROR;
				CLANG_WARN_QUOTED_INCLUDE_IN_FRAMEWORK_HEADER = YES;
				CLANG_WARN_RANGE_LOOP_ANALYSIS = YES;
				CLANG_WARN_STRICT_PROTOTYPES = YES;
				CLANG_WARN_SUSPICIOUS_MOVE = YES;
				CLANG_WARN_UNGUARDED_AVAILABILITY = YES_AGGRESSIVE;
				CLANG_WARN_UNREACHABLE_CODE = YES;
				CLANG_WARN__DUPLICATE_METHOD_MATCH = YES;
				COPY_PHASE_STRIP = NO;
				DEAD_CODE_STRIPPING = YES;
				DEBUG_INFORMATION_FORMAT = dwarf;
				ENABLE_STRICT_OBJC_MSGSEND = YES;
				ENABLE_TESTABILITY = YES;
				ENABLE_USER_SCRIPT_SANDBOXING = YES;
				GCC_C_LANGUAGE_STANDARD = gnu11;
				GCC_DYNAMIC_NO_PIC = NO;
				GCC_NO_COMMON_BLOCKS = YES;
				GCC_OPTIMIZATION_LEVEL = 0;
				GCC_PREPROCESSOR_DEFINITIONS = (
					"DEBUG=1",
					"$(inherited)",
				);
				GCC_WARN_64_TO_32_BIT_CONVERSION = YES;
				GCC_WARN_ABOUT_RETURN_TYPE = YES_ERROR;
				GCC_WARN_UNDECLARED_SELECTOR = YES;
				GCC_WARN_UNINITIALIZED_AUTOS = YES_AGGRESSIVE;
				GCC_WARN_UNUSED_FUNCTION = YES;
				GCC_WARN_UNUSED_VARIABLE = YES;
				MTL_ENABLE_DEBUG_INFO = INCLUDE_SOURCE;
				MTL_FAST_MATH = YES;
				ONLY_ACTIVE_ARCH = YES;
				SWIFT_ACTIVE_COMPILATION_CONDITIONS = DEBUG;
				SWIFT_OPTIMIZATION_LEVEL = "-Onone";
			};
			name = Debug;
		};
		0034034A2A7D7CA600265AF3 /* Release */ = {
			isa = XCBuildConfiguration;
			buildSettings = {
				ALWAYS_SEARCH_USER_PATHS = NO;
				CLANG_ANALYZER_NONNULL = YES;
				CLANG_ANALYZER_NUMBER_OBJECT_CONVERSION = YES_AGGRESSIVE;
				CLANG_CXX_LANGUAGE_STANDARD = "gnu++20";
				CLANG_ENABLE_MODULES = YES;
				CLANG_ENABLE_OBJC_ARC = YES;
				CLANG_ENABLE_OBJC_WEAK = YES;
				CLANG_WARN_BLOCK_CAPTURE_AUTORELEASING = YES;
				CLANG_WARN_BOOL_CONVERSION = YES;
				CLANG_WARN_COMMA = YES;
				CLANG_WARN_CONSTANT_CONVERSION = YES;
				CLANG_WARN_DEPRECATED_OBJC_IMPLEMENTATIONS = YES;
				CLANG_WARN_DIRECT_OBJC_ISA_USAGE = YES_ERROR;
				CLANG_WARN_DOCUMENTATION_COMMENTS = YES;
				CLANG_WARN_EMPTY_BODY = YES;
				CLANG_WARN_ENUM_CONVERSION = YES;
				CLANG_WARN_INFINITE_RECURSION = YES;
				CLANG_WARN_INT_CONVERSION = YES;
				CLANG_WARN_NON_LITERAL_NULL_CONVERSION = YES;
				CLANG_WARN_OBJC_IMPLICIT_RETAIN_SELF = YES;
				CLANG_WARN_OBJC_LITERAL_CONVERSION = YES;
				CLANG_WARN_OBJC_ROOT_CLASS = YES_ERROR;
				CLANG_WARN_QUOTED_INCLUDE_IN_FRAMEWORK_HEADER = YES;
				CLANG_WARN_RANGE_LOOP_ANALYSIS = YES;
				CLANG_WARN_STRICT_PROTOTYPES = YES;
				CLANG_WARN_SUSPICIOUS_MOVE = YES;
				CLANG_WARN_UNGUARDED_AVAILABILITY = YES_AGGRESSIVE;
				CLANG_WARN_UNREACHABLE_CODE = YES;
				CLANG_WARN__DUPLICATE_METHOD_MATCH = YES;
				COPY_PHASE_STRIP = NO;
				DEAD_CODE_STRIPPING = YES;
				DEBUG_INFORMATION_FORMAT = "dwarf-with-dsym";
				ENABLE_NS_ASSERTIONS = NO;
				ENABLE_STRICT_OBJC_MSGSEND = YES;
				ENABLE_USER_SCRIPT_SANDBOXING = YES;
				GCC_C_LANGUAGE_STANDARD = gnu11;
				GCC_NO_COMMON_BLOCKS = YES;
				GCC_WARN_64_TO_32_BIT_CONVERSION = YES;
				GCC_WARN_ABOUT_RETURN_TYPE = YES_ERROR;
				GCC_WARN_UNDECLARED_SELECTOR = YES;
				GCC_WARN_UNINITIALIZED_AUTOS = YES_AGGRESSIVE;
				GCC_WARN_UNUSED_FUNCTION = YES;
				GCC_WARN_UNUSED_VARIABLE = YES;
				MTL_ENABLE_DEBUG_INFO = NO;
				MTL_FAST_MATH = YES;
				SWIFT_COMPILATION_MODE = wholemodule;
				SWIFT_OPTIMIZATION_LEVEL = "-O";
			};
			name = Release;
		};
		0034034C2A7D7CA600265AF3 /* Debug */ = {
			isa = XCBuildConfiguration;
			buildSettings = {
				ASSETCATALOG_COMPILER_APPICON_NAME = AppIcon;
				ASSETCATALOG_COMPILER_GLOBAL_ACCENT_COLOR_NAME = AccentColor;
				CODE_SIGN_ENTITLEMENTS = Multiplayer_3D_TicTacToe/Multiplayer_3D_TicTacToe.entitlements;
				CODE_SIGN_STYLE = Automatic;
				CURRENT_PROJECT_VERSION = 1;
				DEAD_CODE_STRIPPING = YES;
				DEVELOPMENT_ASSET_PATHS = "\"Multiplayer_3D_TicTacToe/Preview Content\"";
				DEVELOPMENT_TEAM = 685GVH2XJC;
				ENABLE_HARDENED_RUNTIME = YES;
				ENABLE_PREVIEWS = YES;
				GENERATE_INFOPLIST_FILE = YES;
				"INFOPLIST_KEY_UIApplicationSceneManifest_Generation[sdk=iphoneos*]" = YES;
				"INFOPLIST_KEY_UIApplicationSceneManifest_Generation[sdk=iphonesimulator*]" = YES;
				"INFOPLIST_KEY_UIApplicationSupportsIndirectInputEvents[sdk=iphoneos*]" = YES;
				"INFOPLIST_KEY_UIApplicationSupportsIndirectInputEvents[sdk=iphonesimulator*]" = YES;
				"INFOPLIST_KEY_UILaunchScreen_Generation[sdk=iphoneos*]" = YES;
				"INFOPLIST_KEY_UILaunchScreen_Generation[sdk=iphonesimulator*]" = YES;
				"INFOPLIST_KEY_UIStatusBarStyle[sdk=iphoneos*]" = UIStatusBarStyleDefault;
				"INFOPLIST_KEY_UIStatusBarStyle[sdk=iphonesimulator*]" = UIStatusBarStyleDefault;
				INFOPLIST_KEY_UISupportedInterfaceOrientations_iPad = "UIInterfaceOrientationPortrait UIInterfaceOrientationPortraitUpsideDown UIInterfaceOrientationLandscapeLeft UIInterfaceOrientationLandscapeRight";
				INFOPLIST_KEY_UISupportedInterfaceOrientations_iPhone = "UIInterfaceOrientationPortrait UIInterfaceOrientationLandscapeLeft UIInterfaceOrientationLandscapeRight";
				IPHONEOS_DEPLOYMENT_TARGET = 16.2;
				LD_RUNPATH_SEARCH_PATHS = "@executable_path/Frameworks";
				"LD_RUNPATH_SEARCH_PATHS[sdk=macosx*]" = "@executable_path/../Frameworks";
				MACOSX_DEPLOYMENT_TARGET = 13.0;
				MARKETING_VERSION = 1.0;
				PRODUCT_BUNDLE_IDENTIFIER = "thiagohba.com.Multiplayer-3D-TicTacToe";
				PRODUCT_NAME = "$(TARGET_NAME)";
				SDKROOT = auto;
				SUPPORTED_PLATFORMS = "iphoneos iphonesimulator macosx";
				SWIFT_EMIT_LOC_STRINGS = YES;
				SWIFT_VERSION = 5.0;
				TARGETED_DEVICE_FAMILY = "1,2";
			};
			name = Debug;
		};
		0034034D2A7D7CA600265AF3 /* Release */ = {
			isa = XCBuildConfiguration;
			buildSettings = {
				ASSETCATALOG_COMPILER_APPICON_NAME = AppIcon;
				ASSETCATALOG_COMPILER_GLOBAL_ACCENT_COLOR_NAME = AccentColor;
				CODE_SIGN_ENTITLEMENTS = Multiplayer_3D_TicTacToe/Multiplayer_3D_TicTacToe.entitlements;
				CODE_SIGN_STYLE = Automatic;
				CURRENT_PROJECT_VERSION = 1;
				DEAD_CODE_STRIPPING = YES;
				DEVELOPMENT_ASSET_PATHS = "\"Multiplayer_3D_TicTacToe/Preview Content\"";
				DEVELOPMENT_TEAM = 685GVH2XJC;
				ENABLE_HARDENED_RUNTIME = YES;
				ENABLE_PREVIEWS = YES;
				GENERATE_INFOPLIST_FILE = YES;
				"INFOPLIST_KEY_UIApplicationSceneManifest_Generation[sdk=iphoneos*]" = YES;
				"INFOPLIST_KEY_UIApplicationSceneManifest_Generation[sdk=iphonesimulator*]" = YES;
				"INFOPLIST_KEY_UIApplicationSupportsIndirectInputEvents[sdk=iphoneos*]" = YES;
				"INFOPLIST_KEY_UIApplicationSupportsIndirectInputEvents[sdk=iphonesimulator*]" = YES;
				"INFOPLIST_KEY_UILaunchScreen_Generation[sdk=iphoneos*]" = YES;
				"INFOPLIST_KEY_UILaunchScreen_Generation[sdk=iphonesimulator*]" = YES;
				"INFOPLIST_KEY_UIStatusBarStyle[sdk=iphoneos*]" = UIStatusBarStyleDefault;
				"INFOPLIST_KEY_UIStatusBarStyle[sdk=iphonesimulator*]" = UIStatusBarStyleDefault;
				INFOPLIST_KEY_UISupportedInterfaceOrientations_iPad = "UIInterfaceOrientationPortrait UIInterfaceOrientationPortraitUpsideDown UIInterfaceOrientationLandscapeLeft UIInterfaceOrientationLandscapeRight";
				INFOPLIST_KEY_UISupportedInterfaceOrientations_iPhone = "UIInterfaceOrientationPortrait UIInterfaceOrientationLandscapeLeft UIInterfaceOrientationLandscapeRight";
				IPHONEOS_DEPLOYMENT_TARGET = 16.2;
				LD_RUNPATH_SEARCH_PATHS = "@executable_path/Frameworks";
				"LD_RUNPATH_SEARCH_PATHS[sdk=macosx*]" = "@executable_path/../Frameworks";
				MACOSX_DEPLOYMENT_TARGET = 13.0;
				MARKETING_VERSION = 1.0;
				PRODUCT_BUNDLE_IDENTIFIER = "thiagohba.com.Multiplayer-3D-TicTacToe";
				PRODUCT_NAME = "$(TARGET_NAME)";
				SDKROOT = auto;
				SUPPORTED_PLATFORMS = "iphoneos iphonesimulator macosx";
				SWIFT_EMIT_LOC_STRINGS = YES;
				SWIFT_VERSION = 5.0;
				TARGETED_DEVICE_FAMILY = "1,2";
			};
			name = Release;
		};
		0034034F2A7D7CA600265AF3 /* Debug */ = {
			isa = XCBuildConfiguration;
			buildSettings = {
				ALWAYS_EMBED_SWIFT_STANDARD_LIBRARIES = YES;
				BUNDLE_LOADER = "$(TEST_HOST)";
				CODE_SIGN_STYLE = Automatic;
				CURRENT_PROJECT_VERSION = 1;
				DEAD_CODE_STRIPPING = YES;
				DEVELOPMENT_TEAM = 685GVH2XJC;
				GENERATE_INFOPLIST_FILE = YES;
				IPHONEOS_DEPLOYMENT_TARGET = 16.4;
				MACOSX_DEPLOYMENT_TARGET = 13.0;
				MARKETING_VERSION = 1.0;
				PRODUCT_BUNDLE_IDENTIFIER = "thiagohba.com.Multiplayer-3D-TicTacToeTests";
				PRODUCT_NAME = "$(TARGET_NAME)";
				SDKROOT = auto;
				SUPPORTED_PLATFORMS = "iphoneos iphonesimulator macosx";
				SWIFT_EMIT_LOC_STRINGS = NO;
				SWIFT_VERSION = 5.0;
				TARGETED_DEVICE_FAMILY = "1,2";
				TEST_HOST = "$(BUILT_PRODUCTS_DIR)/Multiplayer_3D_TicTacToe.app/$(BUNDLE_EXECUTABLE_FOLDER_PATH)/Multiplayer_3D_TicTacToe";
			};
			name = Debug;
		};
		003403502A7D7CA600265AF3 /* Release */ = {
			isa = XCBuildConfiguration;
			buildSettings = {
				ALWAYS_EMBED_SWIFT_STANDARD_LIBRARIES = YES;
				BUNDLE_LOADER = "$(TEST_HOST)";
				CODE_SIGN_STYLE = Automatic;
				CURRENT_PROJECT_VERSION = 1;
				DEAD_CODE_STRIPPING = YES;
				DEVELOPMENT_TEAM = 685GVH2XJC;
				GENERATE_INFOPLIST_FILE = YES;
				IPHONEOS_DEPLOYMENT_TARGET = 16.4;
				MACOSX_DEPLOYMENT_TARGET = 13.0;
				MARKETING_VERSION = 1.0;
				PRODUCT_BUNDLE_IDENTIFIER = "thiagohba.com.Multiplayer-3D-TicTacToeTests";
				PRODUCT_NAME = "$(TARGET_NAME)";
				SDKROOT = auto;
				SUPPORTED_PLATFORMS = "iphoneos iphonesimulator macosx";
				SWIFT_EMIT_LOC_STRINGS = NO;
				SWIFT_VERSION = 5.0;
				TARGETED_DEVICE_FAMILY = "1,2";
				TEST_HOST = "$(BUILT_PRODUCTS_DIR)/Multiplayer_3D_TicTacToe.app/$(BUNDLE_EXECUTABLE_FOLDER_PATH)/Multiplayer_3D_TicTacToe";
			};
			name = Release;
		};
		003403522A7D7CA600265AF3 /* Debug */ = {
			isa = XCBuildConfiguration;
			buildSettings = {
				ALWAYS_EMBED_SWIFT_STANDARD_LIBRARIES = YES;
				CODE_SIGN_STYLE = Automatic;
				CURRENT_PROJECT_VERSION = 1;
				DEAD_CODE_STRIPPING = YES;
				DEVELOPMENT_TEAM = 685GVH2XJC;
				GENERATE_INFOPLIST_FILE = YES;
				IPHONEOS_DEPLOYMENT_TARGET = 16.4;
				MACOSX_DEPLOYMENT_TARGET = 13.0;
				MARKETING_VERSION = 1.0;
				PRODUCT_BUNDLE_IDENTIFIER = "thiagohba.com.Multiplayer-3D-TicTacToeUITests";
				PRODUCT_NAME = "$(TARGET_NAME)";
				SDKROOT = auto;
				SUPPORTED_PLATFORMS = "iphoneos iphonesimulator macosx";
				SWIFT_EMIT_LOC_STRINGS = NO;
				SWIFT_VERSION = 5.0;
				TARGETED_DEVICE_FAMILY = "1,2";
				TEST_TARGET_NAME = Multiplayer_3D_TicTacToe;
			};
			name = Debug;
		};
		003403532A7D7CA600265AF3 /* Release */ = {
			isa = XCBuildConfiguration;
			buildSettings = {
				ALWAYS_EMBED_SWIFT_STANDARD_LIBRARIES = YES;
				CODE_SIGN_STYLE = Automatic;
				CURRENT_PROJECT_VERSION = 1;
				DEAD_CODE_STRIPPING = YES;
				DEVELOPMENT_TEAM = 685GVH2XJC;
				GENERATE_INFOPLIST_FILE = YES;
				IPHONEOS_DEPLOYMENT_TARGET = 16.4;
				MACOSX_DEPLOYMENT_TARGET = 13.0;
				MARKETING_VERSION = 1.0;
				PRODUCT_BUNDLE_IDENTIFIER = "thiagohba.com.Multiplayer-3D-TicTacToeUITests";
				PRODUCT_NAME = "$(TARGET_NAME)";
				SDKROOT = auto;
				SUPPORTED_PLATFORMS = "iphoneos iphonesimulator macosx";
				SWIFT_EMIT_LOC_STRINGS = NO;
				SWIFT_VERSION = 5.0;
				TARGETED_DEVICE_FAMILY = "1,2";
				TEST_TARGET_NAME = Multiplayer_3D_TicTacToe;
			};
			name = Release;
		};
/* End XCBuildConfiguration section */

/* Begin XCConfigurationList section */
		003403212A7D7CA500265AF3 /* Build configuration list for PBXProject "Multiplayer_3D_TicTacToe" */ = {
			isa = XCConfigurationList;
			buildConfigurations = (
				003403492A7D7CA600265AF3 /* Debug */,
				0034034A2A7D7CA600265AF3 /* Release */,
			);
			defaultConfigurationIsVisible = 0;
			defaultConfigurationName = Release;
		};
		0034034B2A7D7CA600265AF3 /* Build configuration list for PBXNativeTarget "Multiplayer_3D_TicTacToe" */ = {
			isa = XCConfigurationList;
			buildConfigurations = (
				0034034C2A7D7CA600265AF3 /* Debug */,
				0034034D2A7D7CA600265AF3 /* Release */,
			);
			defaultConfigurationIsVisible = 0;
			defaultConfigurationName = Release;
		};
		0034034E2A7D7CA600265AF3 /* Build configuration list for PBXNativeTarget "Multiplayer_3D_TicTacToeTests" */ = {
			isa = XCConfigurationList;
			buildConfigurations = (
				0034034F2A7D7CA600265AF3 /* Debug */,
				003403502A7D7CA600265AF3 /* Release */,
			);
			defaultConfigurationIsVisible = 0;
			defaultConfigurationName = Release;
		};
		003403512A7D7CA600265AF3 /* Build configuration list for PBXNativeTarget "Multiplayer_3D_TicTacToeUITests" */ = {
			isa = XCConfigurationList;
			buildConfigurations = (
				003403522A7D7CA600265AF3 /* Debug */,
				003403532A7D7CA600265AF3 /* Release */,
			);
			defaultConfigurationIsVisible = 0;
			defaultConfigurationName = Release;
		};
/* End XCConfigurationList section */

/* Begin XCRemoteSwiftPackageReference section */
		00D9C9DA2ABCBF9E00F66421 /* XCRemoteSwiftPackageReference "grpc-swift" */ = {
			isa = XCRemoteSwiftPackageReference;
			repositoryURL = "https://github.com/grpc/grpc-swift.git";
			requirement = {
				kind = upToNextMajorVersion;
				minimumVersion = 1.0.0;
			};
		};
/* End XCRemoteSwiftPackageReference section */

/* Begin XCSwiftPackageProductDependency section */
		00D9C9DB2ABCBF9E00F66421 /* GRPC */ = {
			isa = XCSwiftPackageProductDependency;
			package = 00D9C9DA2ABCBF9E00F66421 /* XCRemoteSwiftPackageReference "grpc-swift" */;
			productName = GRPC;
		};
		00D9C9DD2ABCBF9E00F66421 /* protoc-gen-grpc-swift */ = {
			isa = XCSwiftPackageProductDependency;
			package = 00D9C9DA2ABCBF9E00F66421 /* XCRemoteSwiftPackageReference "grpc-swift" */;
			productName = "protoc-gen-grpc-swift";
		};
/* End XCSwiftPackageProductDependency section */
	};
	rootObject = 0034031E2A7D7CA500265AF3 /* Project object */;
}
